
Microsoft Visual Studio Solution File, Format Version 12.00
# Visual Studio 15
VisualStudioVersion = 15.0.28307.757
MinimumVisualStudioVersion = 10.0.40219.1
Project("{FAE04EC0-301F-11D3-BF4B-00C04F79EFBC}") = "HiQPdf_Demo", "HiQPdf_Demo\HiQPdf_Demo.csproj", "{65B842A6-E11E-44C4-948D-6EC5050DC38F}"
EndProject
Global
	GlobalSection(SolutionConfigurationPlatforms) = preSolution
		Debug|Any CPU = Debug|Any CPU
		Release|Any CPU = Release|Any CPU
	EndGlobalSection
	GlobalSection(ProjectConfigurationPlatforms) = postSolution
		{65B842A6-E11E-44C4-948D-6EC5050DC38F}.Debug|Any CPU.ActiveCfg = Debug|Any CPU
		{65B842A6-E11E-44C4-948D-6EC5050DC38F}.Debug|Any CPU.Build.0 = Debug|Any CPU
		{65B842A6-E11E-44C4-948D-6EC5050DC38F}.Release|Any CPU.ActiveCfg = Release|Any CPU
		{65B842A6-E11E-44C4-948D-6EC5050DC38F}.Release|Any CPU.Build.0 = Release|Any CPU
	EndGlobalSection
	GlobalSection(SolutionProperties) = preSolution
		HideSolutionNode = FALSE
	EndGlobalSection
	GlobalSection(ExtensibilityGlobals) = postSolution
		SolutionGuid = {8A28926C-7B2D-4B5E-ADCA-C8F18426071C}
	EndGlobalSection
EndGlobal
